// !$*UTF8*$!
{
	archiveVersion = 1;
	classes = {
	};
	objectVersion = 46;
	objects = {

/* Begin PBXBuildFile section */
		391515351B36185400A43CCB /* ProfileViewController.swift in Sources */ = {isa = PBXBuildFile; fileRef = 391515341B36185400A43CCB /* ProfileViewController.swift */; };
		391515371B361B3D00A43CCB /* ProfileContentViewController.swift in Sources */ = {isa = PBXBuildFile; fileRef = 391515361B361B3D00A43CCB /* ProfileContentViewController.swift */; };
		57F5C13B73FCEDE6D5370BC0 /* libPods-codepath-fitness.a in Frameworks */ = {isa = PBXBuildFile; fileRef = 0BD83EFFBC29D6EA3EE66FF2 /* libPods-codepath-fitness.a */; };
		E705C0AF1B33D2AE0031D218 /* ExerciseDetailCell.swift in Sources */ = {isa = PBXBuildFile; fileRef = E705C0AE1B33D2AE0031D218 /* ExerciseDetailCell.swift */; };
		E70F05C81B2BB2F8001A1F0C /* ExerciseCell.swift in Sources */ = {isa = PBXBuildFile; fileRef = E70F05C71B2BB2F8001A1F0C /* ExerciseCell.swift */; };
		E76754001B3232B100D5ABD6 /* SF-UI-Text-Bold.otf in Resources */ = {isa = PBXBuildFile; fileRef = E76753F41B3232B100D5ABD6 /* SF-UI-Text-Bold.otf */; };
		E76754011B3232B100D5ABD6 /* SF-UI-Text-BoldItalic.otf in Resources */ = {isa = PBXBuildFile; fileRef = E76753F51B3232B100D5ABD6 /* SF-UI-Text-BoldItalic.otf */; };
		E76754021B3232B100D5ABD6 /* SF-UI-Text-Heavy.otf in Resources */ = {isa = PBXBuildFile; fileRef = E76753F61B3232B100D5ABD6 /* SF-UI-Text-Heavy.otf */; };
		E76754031B3232B100D5ABD6 /* SF-UI-Text-HeavyItalic.otf in Resources */ = {isa = PBXBuildFile; fileRef = E76753F71B3232B100D5ABD6 /* SF-UI-Text-HeavyItalic.otf */; };
		E76754041B3232B100D5ABD6 /* SF-UI-Text-Italic.otf in Resources */ = {isa = PBXBuildFile; fileRef = E76753F81B3232B100D5ABD6 /* SF-UI-Text-Italic.otf */; };
		E76754051B3232B100D5ABD6 /* SF-UI-Text-Light.otf in Resources */ = {isa = PBXBuildFile; fileRef = E76753F91B3232B100D5ABD6 /* SF-UI-Text-Light.otf */; };
		E76754061B3232B100D5ABD6 /* SF-UI-Text-LightItalic.otf in Resources */ = {isa = PBXBuildFile; fileRef = E76753FA1B3232B100D5ABD6 /* SF-UI-Text-LightItalic.otf */; };
		E76754071B3232B100D5ABD6 /* SF-UI-Text-Medium.otf in Resources */ = {isa = PBXBuildFile; fileRef = E76753FB1B3232B100D5ABD6 /* SF-UI-Text-Medium.otf */; };
		E76754081B3232B100D5ABD6 /* SF-UI-Text-MediumItalic.otf in Resources */ = {isa = PBXBuildFile; fileRef = E76753FC1B3232B100D5ABD6 /* SF-UI-Text-MediumItalic.otf */; };
		E76754091B3232B100D5ABD6 /* SF-UI-Text-Regular.otf in Resources */ = {isa = PBXBuildFile; fileRef = E76753FD1B3232B100D5ABD6 /* SF-UI-Text-Regular.otf */; };
		E767540A1B3232B100D5ABD6 /* SF-UI-Text-Semibold.otf in Resources */ = {isa = PBXBuildFile; fileRef = E76753FE1B3232B100D5ABD6 /* SF-UI-Text-Semibold.otf */; };
		E767540B1B3232B100D5ABD6 /* SF-UI-Text-SemiboldItalic.otf in Resources */ = {isa = PBXBuildFile; fileRef = E76753FF1B3232B100D5ABD6 /* SF-UI-Text-SemiboldItalic.otf */; };
		E767540F1B326EAA00D5ABD6 /* WorkoutCompleteViewController.swift in Sources */ = {isa = PBXBuildFile; fileRef = E767540E1B326EAA00D5ABD6 /* WorkoutCompleteViewController.swift */; };
		E76754111B326F0B00D5ABD6 /* SetupViewController.swift in Sources */ = {isa = PBXBuildFile; fileRef = E76754101B326F0B00D5ABD6 /* SetupViewController.swift */; };
		E7D7CF1F1B29011800BB54F0 /* GenerateWorkoutViewController.swift in Sources */ = {isa = PBXBuildFile; fileRef = E7D7CF1E1B29011800BB54F0 /* GenerateWorkoutViewController.swift */; };
		E7D7CF211B29016D00BB54F0 /* NuxViewController.swift in Sources */ = {isa = PBXBuildFile; fileRef = E7D7CF201B29016D00BB54F0 /* NuxViewController.swift */; };
		E7D7CF231B29019700BB54F0 /* PlaylistViewController.swift in Sources */ = {isa = PBXBuildFile; fileRef = E7D7CF221B29019700BB54F0 /* PlaylistViewController.swift */; };
		E7D7CF251B2901E400BB54F0 /* ExerciseDetailViewController.swift in Sources */ = {isa = PBXBuildFile; fileRef = E7D7CF241B2901E400BB54F0 /* ExerciseDetailViewController.swift */; };
		E7D7CF271B29021B00BB54F0 /* SettingsViewController.swift in Sources */ = {isa = PBXBuildFile; fileRef = E7D7CF261B29021B00BB54F0 /* SettingsViewController.swift */; };
		E7F0ED2C1B264B5C008645F5 /* AppDelegate.swift in Sources */ = {isa = PBXBuildFile; fileRef = E7F0ED2B1B264B5C008645F5 /* AppDelegate.swift */; };
		E7F0ED311B264B5C008645F5 /* Main.storyboard in Resources */ = {isa = PBXBuildFile; fileRef = E7F0ED2F1B264B5C008645F5 /* Main.storyboard */; };
		E7F0ED331B264B5C008645F5 /* Images.xcassets in Resources */ = {isa = PBXBuildFile; fileRef = E7F0ED321B264B5C008645F5 /* Images.xcassets */; };
		E7F0ED421B264B5C008645F5 /* codepath_fitnessTests.swift in Sources */ = {isa = PBXBuildFile; fileRef = E7F0ED411B264B5C008645F5 /* codepath_fitnessTests.swift */; };
		E7F0ED4F1B264C2D008645F5 /* BaseTransition.swift in Sources */ = {isa = PBXBuildFile; fileRef = E7F0ED4C1B264C2D008645F5 /* BaseTransition.swift */; };
		E7F0ED501B264C2D008645F5 /* FadeTransition.swift in Sources */ = {isa = PBXBuildFile; fileRef = E7F0ED4D1B264C2D008645F5 /* FadeTransition.swift */; };
		E7F0ED541B264C60008645F5 /* Common.swift in Sources */ = {isa = PBXBuildFile; fileRef = E7F0ED531B264C60008645F5 /* Common.swift */; };
/* End PBXBuildFile section */

/* Begin PBXContainerItemProxy section */
		E7F0ED3C1B264B5C008645F5 /* PBXContainerItemProxy */ = {
			isa = PBXContainerItemProxy;
			containerPortal = E7F0ED1E1B264B5C008645F5 /* Project object */;
			proxyType = 1;
			remoteGlobalIDString = E7F0ED251B264B5C008645F5;
			remoteInfo = "codepath-fitness";
		};
/* End PBXContainerItemProxy section */

/* Begin PBXFileReference section */
		0BD83EFFBC29D6EA3EE66FF2 /* libPods-codepath-fitness.a */ = {isa = PBXFileReference; explicitFileType = archive.ar; includeInIndex = 0; path = "libPods-codepath-fitness.a"; sourceTree = BUILT_PRODUCTS_DIR; };
		391515341B36185400A43CCB /* ProfileViewController.swift */ = {isa = PBXFileReference; fileEncoding = 4; lastKnownFileType = sourcecode.swift; path = ProfileViewController.swift; sourceTree = "<group>"; };
		391515361B361B3D00A43CCB /* ProfileContentViewController.swift */ = {isa = PBXFileReference; fileEncoding = 4; lastKnownFileType = sourcecode.swift; path = ProfileContentViewController.swift; sourceTree = "<group>"; };
		CA387BF9514957CEC52F06EE /* Pods-codepath-fitness.release.xcconfig */ = {isa = PBXFileReference; includeInIndex = 1; lastKnownFileType = text.xcconfig; name = "Pods-codepath-fitness.release.xcconfig"; path = "Pods/Target Support Files/Pods-codepath-fitness/Pods-codepath-fitness.release.xcconfig"; sourceTree = "<group>"; };
		E0C2C4ABE61C308C08CF1A98 /* Pods-codepath-fitness.debug.xcconfig */ = {isa = PBXFileReference; includeInIndex = 1; lastKnownFileType = text.xcconfig; name = "Pods-codepath-fitness.debug.xcconfig"; path = "Pods/Target Support Files/Pods-codepath-fitness/Pods-codepath-fitness.debug.xcconfig"; sourceTree = "<group>"; };
		E705C0AE1B33D2AE0031D218 /* ExerciseDetailCell.swift */ = {isa = PBXFileReference; fileEncoding = 4; lastKnownFileType = sourcecode.swift; path = ExerciseDetailCell.swift; sourceTree = "<group>"; };
		E70F05C71B2BB2F8001A1F0C /* ExerciseCell.swift */ = {isa = PBXFileReference; fileEncoding = 4; lastKnownFileType = sourcecode.swift; path = ExerciseCell.swift; sourceTree = "<group>"; };
		E76753F41B3232B100D5ABD6 /* SF-UI-Text-Bold.otf */ = {isa = PBXFileReference; lastKnownFileType = file; path = "SF-UI-Text-Bold.otf"; sourceTree = "<group>"; };
		E76753F51B3232B100D5ABD6 /* SF-UI-Text-BoldItalic.otf */ = {isa = PBXFileReference; lastKnownFileType = file; path = "SF-UI-Text-BoldItalic.otf"; sourceTree = "<group>"; };
		E76753F61B3232B100D5ABD6 /* SF-UI-Text-Heavy.otf */ = {isa = PBXFileReference; lastKnownFileType = file; path = "SF-UI-Text-Heavy.otf"; sourceTree = "<group>"; };
		E76753F71B3232B100D5ABD6 /* SF-UI-Text-HeavyItalic.otf */ = {isa = PBXFileReference; lastKnownFileType = file; path = "SF-UI-Text-HeavyItalic.otf"; sourceTree = "<group>"; };
		E76753F81B3232B100D5ABD6 /* SF-UI-Text-Italic.otf */ = {isa = PBXFileReference; lastKnownFileType = file; path = "SF-UI-Text-Italic.otf"; sourceTree = "<group>"; };
		E76753F91B3232B100D5ABD6 /* SF-UI-Text-Light.otf */ = {isa = PBXFileReference; lastKnownFileType = file; path = "SF-UI-Text-Light.otf"; sourceTree = "<group>"; };
		E76753FA1B3232B100D5ABD6 /* SF-UI-Text-LightItalic.otf */ = {isa = PBXFileReference; lastKnownFileType = file; path = "SF-UI-Text-LightItalic.otf"; sourceTree = "<group>"; };
		E76753FB1B3232B100D5ABD6 /* SF-UI-Text-Medium.otf */ = {isa = PBXFileReference; lastKnownFileType = file; path = "SF-UI-Text-Medium.otf"; sourceTree = "<group>"; };
		E76753FC1B3232B100D5ABD6 /* SF-UI-Text-MediumItalic.otf */ = {isa = PBXFileReference; lastKnownFileType = file; path = "SF-UI-Text-MediumItalic.otf"; sourceTree = "<group>"; };
		E76753FD1B3232B100D5ABD6 /* SF-UI-Text-Regular.otf */ = {isa = PBXFileReference; lastKnownFileType = file; path = "SF-UI-Text-Regular.otf"; sourceTree = "<group>"; };
		E76753FE1B3232B100D5ABD6 /* SF-UI-Text-Semibold.otf */ = {isa = PBXFileReference; lastKnownFileType = file; path = "SF-UI-Text-Semibold.otf"; sourceTree = "<group>"; };
		E76753FF1B3232B100D5ABD6 /* SF-UI-Text-SemiboldItalic.otf */ = {isa = PBXFileReference; lastKnownFileType = file; path = "SF-UI-Text-SemiboldItalic.otf"; sourceTree = "<group>"; };
		E767540E1B326EAA00D5ABD6 /* WorkoutCompleteViewController.swift */ = {isa = PBXFileReference; fileEncoding = 4; lastKnownFileType = sourcecode.swift; path = WorkoutCompleteViewController.swift; sourceTree = "<group>"; };
		E76754101B326F0B00D5ABD6 /* SetupViewController.swift */ = {isa = PBXFileReference; fileEncoding = 4; lastKnownFileType = sourcecode.swift; path = SetupViewController.swift; sourceTree = "<group>"; };
		E7D7CF1E1B29011800BB54F0 /* GenerateWorkoutViewController.swift */ = {isa = PBXFileReference; fileEncoding = 4; lastKnownFileType = sourcecode.swift; path = GenerateWorkoutViewController.swift; sourceTree = "<group>"; };
		E7D7CF201B29016D00BB54F0 /* NuxViewController.swift */ = {isa = PBXFileReference; fileEncoding = 4; lastKnownFileType = sourcecode.swift; path = NuxViewController.swift; sourceTree = "<group>"; };
		E7D7CF221B29019700BB54F0 /* PlaylistViewController.swift */ = {isa = PBXFileReference; fileEncoding = 4; lastKnownFileType = sourcecode.swift; path = PlaylistViewController.swift; sourceTree = "<group>"; };
		E7D7CF241B2901E400BB54F0 /* ExerciseDetailViewController.swift */ = {isa = PBXFileReference; fileEncoding = 4; lastKnownFileType = sourcecode.swift; path = ExerciseDetailViewController.swift; sourceTree = "<group>"; };
		E7D7CF261B29021B00BB54F0 /* SettingsViewController.swift */ = {isa = PBXFileReference; fileEncoding = 4; lastKnownFileType = sourcecode.swift; path = SettingsViewController.swift; sourceTree = "<group>"; };
		E7EC4F371B3A26B700696F3F /* codepath-fitness-Bridging-Header.h */ = {isa = PBXFileReference; lastKnownFileType = sourcecode.c.h; path = "codepath-fitness-Bridging-Header.h"; sourceTree = "<group>"; };
		E7F0ED261B264B5C008645F5 /* codepath-fitness.app */ = {isa = PBXFileReference; explicitFileType = wrapper.application; includeInIndex = 0; path = "codepath-fitness.app"; sourceTree = BUILT_PRODUCTS_DIR; };
		E7F0ED2A1B264B5C008645F5 /* Info.plist */ = {isa = PBXFileReference; lastKnownFileType = text.plist.xml; path = Info.plist; sourceTree = "<group>"; };
		E7F0ED2B1B264B5C008645F5 /* AppDelegate.swift */ = {isa = PBXFileReference; lastKnownFileType = sourcecode.swift; path = AppDelegate.swift; sourceTree = "<group>"; };
		E7F0ED301B264B5C008645F5 /* Base */ = {isa = PBXFileReference; lastKnownFileType = file.storyboard; name = Base; path = Base.lproj/Main.storyboard; sourceTree = "<group>"; };
		E7F0ED321B264B5C008645F5 /* Images.xcassets */ = {isa = PBXFileReference; lastKnownFileType = folder.assetcatalog; path = Images.xcassets; sourceTree = "<group>"; };
		E7F0ED3B1B264B5C008645F5 /* codepath-fitnessTests.xctest */ = {isa = PBXFileReference; explicitFileType = wrapper.cfbundle; includeInIndex = 0; path = "codepath-fitnessTests.xctest"; sourceTree = BUILT_PRODUCTS_DIR; };
		E7F0ED401B264B5C008645F5 /* Info.plist */ = {isa = PBXFileReference; lastKnownFileType = text.plist.xml; path = Info.plist; sourceTree = "<group>"; };
		E7F0ED411B264B5C008645F5 /* codepath_fitnessTests.swift */ = {isa = PBXFileReference; lastKnownFileType = sourcecode.swift; path = codepath_fitnessTests.swift; sourceTree = "<group>"; };
		E7F0ED4C1B264C2D008645F5 /* BaseTransition.swift */ = {isa = PBXFileReference; fileEncoding = 4; lastKnownFileType = sourcecode.swift; path = BaseTransition.swift; sourceTree = "<group>"; };
		E7F0ED4D1B264C2D008645F5 /* FadeTransition.swift */ = {isa = PBXFileReference; fileEncoding = 4; lastKnownFileType = sourcecode.swift; path = FadeTransition.swift; sourceTree = "<group>"; };
		E7F0ED531B264C60008645F5 /* Common.swift */ = {isa = PBXFileReference; fileEncoding = 4; lastKnownFileType = sourcecode.swift; path = Common.swift; sourceTree = "<group>"; };
/* End PBXFileReference section */

/* Begin PBXFrameworksBuildPhase section */
		E7F0ED231B264B5C008645F5 /* Frameworks */ = {
			isa = PBXFrameworksBuildPhase;
			buildActionMask = 2147483647;
			files = (
				57F5C13B73FCEDE6D5370BC0 /* libPods-codepath-fitness.a in Frameworks */,
			);
			runOnlyForDeploymentPostprocessing = 0;
		};
		E7F0ED381B264B5C008645F5 /* Frameworks */ = {
			isa = PBXFrameworksBuildPhase;
			buildActionMask = 2147483647;
			files = (
			);
			runOnlyForDeploymentPostprocessing = 0;
		};
/* End PBXFrameworksBuildPhase section */

/* Begin PBXGroup section */
		1A099FFFA2B84A35CDADD080 /* Frameworks */ = {
			isa = PBXGroup;
			children = (
				0BD83EFFBC29D6EA3EE66FF2 /* libPods-codepath-fitness.a */,
			);
			name = Frameworks;
			sourceTree = "<group>";
		};
		984F86FF60B633E06DE375BD /* Pods */ = {
			isa = PBXGroup;
			children = (
				E0C2C4ABE61C308C08CF1A98 /* Pods-codepath-fitness.debug.xcconfig */,
				CA387BF9514957CEC52F06EE /* Pods-codepath-fitness.release.xcconfig */,
			);
			name = Pods;
			sourceTree = "<group>";
		};
		E70F05C91B2BB304001A1F0C /* Cells */ = {
			isa = PBXGroup;
			children = (
				E70F05C71B2BB2F8001A1F0C /* ExerciseCell.swift */,
				E705C0AE1B33D2AE0031D218 /* ExerciseDetailCell.swift */,
			);
			name = Cells;
			sourceTree = "<group>";
		};
		E76753F21B32329700D5ABD6 /* Resources */ = {
			isa = PBXGroup;
			children = (
				E76753F31B3232A000D5ABD6 /* Fonts */,
			);
			name = Resources;
			sourceTree = "<group>";
		};
		E76753F31B3232A000D5ABD6 /* Fonts */ = {
			isa = PBXGroup;
			children = (
				E76753F41B3232B100D5ABD6 /* SF-UI-Text-Bold.otf */,
				E76753F51B3232B100D5ABD6 /* SF-UI-Text-BoldItalic.otf */,
				E76753F61B3232B100D5ABD6 /* SF-UI-Text-Heavy.otf */,
				E76753F71B3232B100D5ABD6 /* SF-UI-Text-HeavyItalic.otf */,
				E76753F81B3232B100D5ABD6 /* SF-UI-Text-Italic.otf */,
				E76753F91B3232B100D5ABD6 /* SF-UI-Text-Light.otf */,
				E76753FA1B3232B100D5ABD6 /* SF-UI-Text-LightItalic.otf */,
				E76753FB1B3232B100D5ABD6 /* SF-UI-Text-Medium.otf */,
				E76753FC1B3232B100D5ABD6 /* SF-UI-Text-MediumItalic.otf */,
				E76753FD1B3232B100D5ABD6 /* SF-UI-Text-Regular.otf */,
				E76753FE1B3232B100D5ABD6 /* SF-UI-Text-Semibold.otf */,
				E76753FF1B3232B100D5ABD6 /* SF-UI-Text-SemiboldItalic.otf */,
			);
			name = Fonts;
			sourceTree = "<group>";
		};
		E7F0ED1D1B264B5C008645F5 = {
			isa = PBXGroup;
			children = (
				E7F0ED281B264B5C008645F5 /* codepath-fitness */,
				E7F0ED3E1B264B5C008645F5 /* codepath-fitnessTests */,
				E7F0ED271B264B5C008645F5 /* Products */,
				984F86FF60B633E06DE375BD /* Pods */,
				1A099FFFA2B84A35CDADD080 /* Frameworks */,
			);
			sourceTree = "<group>";
		};
		E7F0ED271B264B5C008645F5 /* Products */ = {
			isa = PBXGroup;
			children = (
				E7F0ED261B264B5C008645F5 /* codepath-fitness.app */,
				E7F0ED3B1B264B5C008645F5 /* codepath-fitnessTests.xctest */,
			);
			name = Products;
			sourceTree = "<group>";
		};
		E7F0ED281B264B5C008645F5 /* codepath-fitness */ = {
			isa = PBXGroup;
			children = (
				E7F0ED2B1B264B5C008645F5 /* AppDelegate.swift */,
				E7F0ED521B264C33008645F5 /* Transitions */,
				E7F0ED4B1B264B85008645F5 /* View Controllers */,
				E7F0ED2F1B264B5C008645F5 /* Main.storyboard */,
				E70F05C91B2BB304001A1F0C /* Cells */,
				E7F0ED321B264B5C008645F5 /* Images.xcassets */,
				E7F0ED551B264C64008645F5 /* Libraries */,
				E7F0ED291B264B5C008645F5 /* Supporting Files */,
			);
			path = "codepath-fitness";
			sourceTree = "<group>";
		};
		E7F0ED291B264B5C008645F5 /* Supporting Files */ = {
			isa = PBXGroup;
			children = (
				E7EC4F371B3A26B700696F3F /* codepath-fitness-Bridging-Header.h */,
				E76753F21B32329700D5ABD6 /* Resources */,
				E7F0ED2A1B264B5C008645F5 /* Info.plist */,
			);
			name = "Supporting Files";
			sourceTree = "<group>";
		};
		E7F0ED3E1B264B5C008645F5 /* codepath-fitnessTests */ = {
			isa = PBXGroup;
			children = (
				E7F0ED411B264B5C008645F5 /* codepath_fitnessTests.swift */,
				E7F0ED3F1B264B5C008645F5 /* Supporting Files */,
			);
			path = "codepath-fitnessTests";
			sourceTree = "<group>";
		};
		E7F0ED3F1B264B5C008645F5 /* Supporting Files */ = {
			isa = PBXGroup;
			children = (
				E7F0ED401B264B5C008645F5 /* Info.plist */,
			);
			name = "Supporting Files";
			sourceTree = "<group>";
		};
		E7F0ED4B1B264B85008645F5 /* View Controllers */ = {
			isa = PBXGroup;
			children = (
				E7D7CF221B29019700BB54F0 /* PlaylistViewController.swift */,
				391515341B36185400A43CCB /* ProfileViewController.swift */,
				391515361B361B3D00A43CCB /* ProfileContentViewController.swift */,
				E7D7CF241B2901E400BB54F0 /* ExerciseDetailViewController.swift */,
				E7D7CF1E1B29011800BB54F0 /* GenerateWorkoutViewController.swift */,
				E7D7CF201B29016D00BB54F0 /* NuxViewController.swift */,
				E7D7CF261B29021B00BB54F0 /* SettingsViewController.swift */,
				E767540E1B326EAA00D5ABD6 /* WorkoutCompleteViewController.swift */,
				E76754101B326F0B00D5ABD6 /* SetupViewController.swift */,
			);
			name = "View Controllers";
			sourceTree = "<group>";
		};
		E7F0ED521B264C33008645F5 /* Transitions */ = {
			isa = PBXGroup;
			children = (
				E7F0ED4C1B264C2D008645F5 /* BaseTransition.swift */,
				E7F0ED4D1B264C2D008645F5 /* FadeTransition.swift */,
			);
			name = Transitions;
			path = ..;
			sourceTree = "<group>";
		};
		E7F0ED551B264C64008645F5 /* Libraries */ = {
			isa = PBXGroup;
			children = (
				E7F0ED531B264C60008645F5 /* Common.swift */,
			);
			name = Libraries;
			path = ..;
			sourceTree = "<group>";
		};
/* End PBXGroup section */

/* Begin PBXNativeTarget section */
		E7F0ED251B264B5C008645F5 /* codepath-fitness */ = {
			isa = PBXNativeTarget;
			buildConfigurationList = E7F0ED451B264B5C008645F5 /* Build configuration list for PBXNativeTarget "codepath-fitness" */;
			buildPhases = (
				1D69EE955942464E5C8075C7 /* Check Pods Manifest.lock */,
				E7F0ED221B264B5C008645F5 /* Sources */,
				E7F0ED231B264B5C008645F5 /* Frameworks */,
				E7F0ED241B264B5C008645F5 /* Resources */,
				6AF80E2067F048745D44716C /* Copy Pods Resources */,
			);
			buildRules = (
			);
			dependencies = (
			);
			name = "codepath-fitness";
			productName = "codepath-fitness";
			productReference = E7F0ED261B264B5C008645F5 /* codepath-fitness.app */;
			productType = "com.apple.product-type.application";
		};
		E7F0ED3A1B264B5C008645F5 /* codepath-fitnessTests */ = {
			isa = PBXNativeTarget;
			buildConfigurationList = E7F0ED481B264B5C008645F5 /* Build configuration list for PBXNativeTarget "codepath-fitnessTests" */;
			buildPhases = (
				E7F0ED371B264B5C008645F5 /* Sources */,
				E7F0ED381B264B5C008645F5 /* Frameworks */,
				E7F0ED391B264B5C008645F5 /* Resources */,
			);
			buildRules = (
			);
			dependencies = (
				E7F0ED3D1B264B5C008645F5 /* PBXTargetDependency */,
			);
			name = "codepath-fitnessTests";
			productName = "codepath-fitnessTests";
			productReference = E7F0ED3B1B264B5C008645F5 /* codepath-fitnessTests.xctest */;
			productType = "com.apple.product-type.bundle.unit-test";
		};
/* End PBXNativeTarget section */

/* Begin PBXProject section */
		E7F0ED1E1B264B5C008645F5 /* Project object */ = {
			isa = PBXProject;
			attributes = {
				LastUpgradeCheck = 0600;
				ORGANIZATIONNAME = "PPK Inc.";
				TargetAttributes = {
					E7F0ED251B264B5C008645F5 = {
						CreatedOnToolsVersion = 6.0;
					};
					E7F0ED3A1B264B5C008645F5 = {
						CreatedOnToolsVersion = 6.0;
						TestTargetID = E7F0ED251B264B5C008645F5;
					};
				};
			};
			buildConfigurationList = E7F0ED211B264B5C008645F5 /* Build configuration list for PBXProject "codepath-fitness" */;
			compatibilityVersion = "Xcode 3.2";
			developmentRegion = English;
			hasScannedForEncodings = 0;
			knownRegions = (
				en,
				Base,
			);
			mainGroup = E7F0ED1D1B264B5C008645F5;
			productRefGroup = E7F0ED271B264B5C008645F5 /* Products */;
			projectDirPath = "";
			projectRoot = "";
			targets = (
				E7F0ED251B264B5C008645F5 /* codepath-fitness */,
				E7F0ED3A1B264B5C008645F5 /* codepath-fitnessTests */,
			);
		};
/* End PBXProject section */

/* Begin PBXResourcesBuildPhase section */
		E7F0ED241B264B5C008645F5 /* Resources */ = {
			isa = PBXResourcesBuildPhase;
			buildActionMask = 2147483647;
			files = (
				E76754001B3232B100D5ABD6 /* SF-UI-Text-Bold.otf in Resources */,
				E76754041B3232B100D5ABD6 /* SF-UI-Text-Italic.otf in Resources */,
				E76754091B3232B100D5ABD6 /* SF-UI-Text-Regular.otf in Resources */,
				E7F0ED311B264B5C008645F5 /* Main.storyboard in Resources */,
				E767540A1B3232B100D5ABD6 /* SF-UI-Text-Semibold.otf in Resources */,
				E76754011B3232B100D5ABD6 /* SF-UI-Text-BoldItalic.otf in Resources */,
				E76754031B3232B100D5ABD6 /* SF-UI-Text-HeavyItalic.otf in Resources */,
				E76754021B3232B100D5ABD6 /* SF-UI-Text-Heavy.otf in Resources */,
				E76754051B3232B100D5ABD6 /* SF-UI-Text-Light.otf in Resources */,
				E76754061B3232B100D5ABD6 /* SF-UI-Text-LightItalic.otf in Resources */,
				E76754071B3232B100D5ABD6 /* SF-UI-Text-Medium.otf in Resources */,
				E7F0ED331B264B5C008645F5 /* Images.xcassets in Resources */,
				E767540B1B3232B100D5ABD6 /* SF-UI-Text-SemiboldItalic.otf in Resources */,
				E76754081B3232B100D5ABD6 /* SF-UI-Text-MediumItalic.otf in Resources */,
			);
			runOnlyForDeploymentPostprocessing = 0;
		};
		E7F0ED391B264B5C008645F5 /* Resources */ = {
			isa = PBXResourcesBuildPhase;
			buildActionMask = 2147483647;
			files = (
			);
			runOnlyForDeploymentPostprocessing = 0;
		};
/* End PBXResourcesBuildPhase section */

/* Begin PBXShellScriptBuildPhase section */
		1D69EE955942464E5C8075C7 /* Check Pods Manifest.lock */ = {
			isa = PBXShellScriptBuildPhase;
			buildActionMask = 2147483647;
			files = (
			);
			inputPaths = (
			);
			name = "Check Pods Manifest.lock";
			outputPaths = (
			);
			runOnlyForDeploymentPostprocessing = 0;
			shellPath = /bin/sh;
			shellScript = "diff \"${PODS_ROOT}/../Podfile.lock\" \"${PODS_ROOT}/Manifest.lock\" > /dev/null\nif [[ $? != 0 ]] ; then\n    cat << EOM\nerror: The sandbox is not in sync with the Podfile.lock. Run 'pod install' or update your CocoaPods installation.\nEOM\n    exit 1\nfi\n";
			showEnvVarsInLog = 0;
		};
		6AF80E2067F048745D44716C /* Copy Pods Resources */ = {
			isa = PBXShellScriptBuildPhase;
			buildActionMask = 2147483647;
			files = (
			);
			inputPaths = (
			);
			name = "Copy Pods Resources";
			outputPaths = (
			);
			runOnlyForDeploymentPostprocessing = 0;
			shellPath = /bin/sh;
			shellScript = "\"${SRCROOT}/Pods/Target Support Files/Pods-codepath-fitness/Pods-codepath-fitness-resources.sh\"\n";
			showEnvVarsInLog = 0;
		};
/* End PBXShellScriptBuildPhase section */

/* Begin PBXSourcesBuildPhase section */
		E7F0ED221B264B5C008645F5 /* Sources */ = {
			isa = PBXSourcesBuildPhase;
			buildActionMask = 2147483647;
			files = (
				E7F0ED4F1B264C2D008645F5 /* BaseTransition.swift in Sources */,
				E7F0ED501B264C2D008645F5 /* FadeTransition.swift in Sources */,
				E7D7CF231B29019700BB54F0 /* PlaylistViewController.swift in Sources */,
				E70F05C81B2BB2F8001A1F0C /* ExerciseCell.swift in Sources */,
				391515351B36185400A43CCB /* ProfileViewController.swift in Sources */,
				E76754111B326F0B00D5ABD6 /* SetupViewController.swift in Sources */,
				E7D7CF251B2901E400BB54F0 /* ExerciseDetailViewController.swift in Sources */,
				E7D7CF211B29016D00BB54F0 /* NuxViewController.swift in Sources */,
				E767540F1B326EAA00D5ABD6 /* WorkoutCompleteViewController.swift in Sources */,
				391515371B361B3D00A43CCB /* ProfileContentViewController.swift in Sources */,
				E7D7CF1F1B29011800BB54F0 /* GenerateWorkoutViewController.swift in Sources */,
				E7F0ED541B264C60008645F5 /* Common.swift in Sources */,
				E7F0ED2C1B264B5C008645F5 /* AppDelegate.swift in Sources */,
				E7D7CF271B29021B00BB54F0 /* SettingsViewController.swift in Sources */,
				E705C0AF1B33D2AE0031D218 /* ExerciseDetailCell.swift in Sources */,
			);
			runOnlyForDeploymentPostprocessing = 0;
		};
		E7F0ED371B264B5C008645F5 /* Sources */ = {
			isa = PBXSourcesBuildPhase;
			buildActionMask = 2147483647;
			files = (
				E7F0ED421B264B5C008645F5 /* codepath_fitnessTests.swift in Sources */,
			);
			runOnlyForDeploymentPostprocessing = 0;
		};
/* End PBXSourcesBuildPhase section */

/* Begin PBXTargetDependency section */
		E7F0ED3D1B264B5C008645F5 /* PBXTargetDependency */ = {
			isa = PBXTargetDependency;
			target = E7F0ED251B264B5C008645F5 /* codepath-fitness */;
			targetProxy = E7F0ED3C1B264B5C008645F5 /* PBXContainerItemProxy */;
		};
/* End PBXTargetDependency section */

/* Begin PBXVariantGroup section */
		E7F0ED2F1B264B5C008645F5 /* Main.storyboard */ = {
			isa = PBXVariantGroup;
			children = (
				E7F0ED301B264B5C008645F5 /* Base */,
			);
			name = Main.storyboard;
			sourceTree = "<group>";
		};
/* End PBXVariantGroup section */

/* Begin XCBuildConfiguration section */
		E7F0ED431B264B5C008645F5 /* Debug */ = {
			isa = XCBuildConfiguration;
			buildSettings = {
				ALWAYS_SEARCH_USER_PATHS = NO;
				CLANG_CXX_LANGUAGE_STANDARD = "gnu++0x";
				CLANG_CXX_LIBRARY = "libc++";
				CLANG_ENABLE_MODULES = YES;
				CLANG_ENABLE_OBJC_ARC = YES;
				CLANG_WARN_BOOL_CONVERSION = YES;
				CLANG_WARN_CONSTANT_CONVERSION = YES;
				CLANG_WARN_DIRECT_OBJC_ISA_USAGE = YES_ERROR;
				CLANG_WARN_EMPTY_BODY = YES;
				CLANG_WARN_ENUM_CONVERSION = YES;
				CLANG_WARN_INT_CONVERSION = YES;
				CLANG_WARN_OBJC_ROOT_CLASS = YES_ERROR;
				CLANG_WARN_UNREACHABLE_CODE = YES;
				CLANG_WARN__DUPLICATE_METHOD_MATCH = YES;
				"CODE_SIGN_IDENTITY[sdk=iphoneos*]" = "iPhone Developer";
				COPY_PHASE_STRIP = NO;
				ENABLE_STRICT_OBJC_MSGSEND = YES;
				GCC_C_LANGUAGE_STANDARD = gnu99;
				GCC_DYNAMIC_NO_PIC = NO;
				GCC_OPTIMIZATION_LEVEL = 0;
				GCC_PREPROCESSOR_DEFINITIONS = (
					"DEBUG=1",
					"$(inherited)",
				);
				GCC_SYMBOLS_PRIVATE_EXTERN = NO;
				GCC_WARN_64_TO_32_BIT_CONVERSION = YES;
				GCC_WARN_ABOUT_RETURN_TYPE = YES_ERROR;
				GCC_WARN_UNDECLARED_SELECTOR = YES;
				GCC_WARN_UNINITIALIZED_AUTOS = YES_AGGRESSIVE;
				GCC_WARN_UNUSED_FUNCTION = YES;
				GCC_WARN_UNUSED_VARIABLE = YES;
				IPHONEOS_DEPLOYMENT_TARGET = 8.0;
				MTL_ENABLE_DEBUG_INFO = YES;
				ONLY_ACTIVE_ARCH = YES;
				SDKROOT = iphoneos;
				SWIFT_OPTIMIZATION_LEVEL = "-Onone";
				TARGETED_DEVICE_FAMILY = "1,2";
			};
			name = Debug;
		};
		E7F0ED441B264B5C008645F5 /* Release */ = {
			isa = XCBuildConfiguration;
			buildSettings = {
				ALWAYS_SEARCH_USER_PATHS = NO;
				CLANG_CXX_LANGUAGE_STANDARD = "gnu++0x";
				CLANG_CXX_LIBRARY = "libc++";
				CLANG_ENABLE_MODULES = YES;
				CLANG_ENABLE_OBJC_ARC = YES;
				CLANG_WARN_BOOL_CONVERSION = YES;
				CLANG_WARN_CONSTANT_CONVERSION = YES;
				CLANG_WARN_DIRECT_OBJC_ISA_USAGE = YES_ERROR;
				CLANG_WARN_EMPTY_BODY = YES;
				CLANG_WARN_ENUM_CONVERSION = YES;
				CLANG_WARN_INT_CONVERSION = YES;
				CLANG_WARN_OBJC_ROOT_CLASS = YES_ERROR;
				CLANG_WARN_UNREACHABLE_CODE = YES;
				CLANG_WARN__DUPLICATE_METHOD_MATCH = YES;
				"CODE_SIGN_IDENTITY[sdk=iphoneos*]" = "iPhone Developer";
				COPY_PHASE_STRIP = YES;
				ENABLE_NS_ASSERTIONS = NO;
				ENABLE_STRICT_OBJC_MSGSEND = YES;
				GCC_C_LANGUAGE_STANDARD = gnu99;
				GCC_WARN_64_TO_32_BIT_CONVERSION = YES;
				GCC_WARN_ABOUT_RETURN_TYPE = YES_ERROR;
				GCC_WARN_UNDECLARED_SELECTOR = YES;
				GCC_WARN_UNINITIALIZED_AUTOS = YES_AGGRESSIVE;
				GCC_WARN_UNUSED_FUNCTION = YES;
				GCC_WARN_UNUSED_VARIABLE = YES;
				IPHONEOS_DEPLOYMENT_TARGET = 8.0;
				MTL_ENABLE_DEBUG_INFO = NO;
				SDKROOT = iphoneos;
				TARGETED_DEVICE_FAMILY = "1,2";
				VALIDATE_PRODUCT = YES;
			};
			name = Release;
		};
		E7F0ED461B264B5C008645F5 /* Debug */ = {
			isa = XCBuildConfiguration;
			baseConfigurationReference = E0C2C4ABE61C308C08CF1A98 /* Pods-codepath-fitness.debug.xcconfig */;
			buildSettings = {
				ASSETCATALOG_COMPILER_APPICON_NAME = AppIcon;
				ASSETCATALOG_COMPILER_LAUNCHIMAGE_NAME = LaunchImage;
				INFOPLIST_FILE = "codepath-fitness/Info.plist";
				IPHONEOS_DEPLOYMENT_TARGET = 8.0;
				LD_RUNPATH_SEARCH_PATHS = "$(inherited) @executable_path/Frameworks";
				PRODUCT_NAME = "$(TARGET_NAME)";
				SWIFT_OBJC_BRIDGING_HEADER = "/Users/patdugan/Github/codepath-fitness/codepath-fitness/codepath-fitness-Bridging-Header.h";
				TARGETED_DEVICE_FAMILY = 1;
			};
			name = Debug;
		};
		E7F0ED471B264B5C008645F5 /* Release */ = {
			isa = XCBuildConfiguration;
			baseConfigurationReference = CA387BF9514957CEC52F06EE /* Pods-codepath-fitness.release.xcconfig */;
			buildSettings = {
				ASSETCATALOG_COMPILER_APPICON_NAME = AppIcon;
				ASSETCATALOG_COMPILER_LAUNCHIMAGE_NAME = LaunchImage;
				INFOPLIST_FILE = "codepath-fitness/Info.plist";
				IPHONEOS_DEPLOYMENT_TARGET = 8.0;
				LD_RUNPATH_SEARCH_PATHS = "$(inherited) @executable_path/Frameworks";
				PRODUCT_NAME = "$(TARGET_NAME)";
				SWIFT_OBJC_BRIDGING_HEADER = "/Users/patdugan/Github/codepath-fitness/codepath-fitness/codepath-fitness-Bridging-Header.h";
				TARGETED_DEVICE_FAMILY = 1;
			};
			name = Release;
		};
		E7F0ED491B264B5C008645F5 /* Debug */ = {
			isa = XCBuildConfiguration;
			buildSettings = {
				BUNDLE_LOADER = "$(TEST_HOST)";
				FRAMEWORK_SEARCH_PATHS = (
					"$(SDKROOT)/Developer/Library/Frameworks",
					"$(inherited)",
				);
				GCC_PREPROCESSOR_DEFINITIONS = (
					"DEBUG=1",
					"$(inherited)",
				);
				INFOPLIST_FILE = "codepath-fitnessTests/Info.plist";
				LD_RUNPATH_SEARCH_PATHS = "$(inherited) @executable_path/Frameworks @loader_path/Frameworks";
				PRODUCT_NAME = "$(TARGET_NAME)";
				TEST_HOST = "$(BUILT_PRODUCTS_DIR)/codepath-fitness.app/codepath-fitness";
			};
			name = Debug;
		};
		E7F0ED4A1B264B5C008645F5 /* Release */ = {
			isa = XCBuildConfiguration;
			buildSettings = {
				BUNDLE_LOADER = "$(TEST_HOST)";
				FRAMEWORK_SEARCH_PATHS = (
					"$(SDKROOT)/Developer/Library/Frameworks",
					"$(inherited)",
				);
				INFOPLIST_FILE = "codepath-fitnessTests/Info.plist";
				LD_RUNPATH_SEARCH_PATHS = "$(inherited) @executable_path/Frameworks @loader_path/Frameworks";
				PRODUCT_NAME = "$(TARGET_NAME)";
				TEST_HOST = "$(BUILT_PRODUCTS_DIR)/codepath-fitness.app/codepath-fitness";
			};
			name = Release;
		};
/* End XCBuildConfiguration section */

/* Begin XCConfigurationList section */
		E7F0ED211B264B5C008645F5 /* Build configuration list for PBXProject "codepath-fitness" */ = {
			isa = XCConfigurationList;
			buildConfigurations = (
				E7F0ED431B264B5C008645F5 /* Debug */,
				E7F0ED441B264B5C008645F5 /* Release */,
			);
			defaultConfigurationIsVisible = 0;
			defaultConfigurationName = Release;
		};
		E7F0ED451B264B5C008645F5 /* Build configuration list for PBXNativeTarget "codepath-fitness" */ = {
			isa = XCConfigurationList;
			buildConfigurations = (
				E7F0ED461B264B5C008645F5 /* Debug */,
				E7F0ED471B264B5C008645F5 /* Release */,
			);
			defaultConfigurationIsVisible = 0;
			defaultConfigurationName = Release;
		};
		E7F0ED481B264B5C008645F5 /* Build configuration list for PBXNativeTarget "codepath-fitnessTests" */ = {
			isa = XCConfigurationList;
			buildConfigurations = (
				E7F0ED491B264B5C008645F5 /* Debug */,
				E7F0ED4A1B264B5C008645F5 /* Release */,
			);
			defaultConfigurationIsVisible = 0;
			defaultConfigurationName = Release;
		};
/* End XCConfigurationList section */
	};
	rootObject = E7F0ED1E1B264B5C008645F5 /* Project object */;
}
